github.com/halimath/expect v0.5.1 h1:RJ9WolOvpNZSbnmGBamTaS/YcVbl07cU175z4RUlkJg=
github.com/halimath/expect v0.5.1/go.mod h1:JQW7orDfymPLKrvFgWl12qL2Q6bBXbRDg1S1PMgRI9A=
github.com/halimath/fsx v0.0.0-20240303135952-7b20d7dd0ebd h1:vf6I4KT5KboDxLYvptAbO5Q4mCxx4iQHI++laB5Nm+o=
github.com/halimath/fsx v0.0.0-20240303135952-7b20d7dd0ebd/go.mod h1:sgBW7UdsN/P3ekCfJDT+DMd8uEI6XRot0VNJFSHRk9U=
github.com/halimath/fsx v0.0.0-20240304090537-61da67dbdfd8 h1:wwdkNK67S+v2NZ7DxlTE92Y05dMcfV2Zm6n/ipnMo64=
github.com/halimath/fsx v0.0.0-20240304090537-61da67dbdfd8/go.mod h1:sgBW7UdsN/P3ekCfJDT+DMd8uEI6XRot0VNJFSHRk9U=
